// !$*UTF8*$!
{
	archiveVersion = 1;
	classes = {
	};
	objectVersion = 46;
	objects = {

/* Begin PBXBuildFile section */
		4A1848101B446CEF009D6026 /* old_NewsfeedTableViewController.swift in Sources */ = {isa = PBXBuildFile; fileRef = 4A18480F1B446CEF009D6026 /* old_NewsfeedTableViewController.swift */; };
		4A1848121B446D36009D6026 /* old_UpdateTableViewCell.swift in Sources */ = {isa = PBXBuildFile; fileRef = 4A1848111B446D36009D6026 /* old_UpdateTableViewCell.swift */; };
		4A1848151B44A375009D6026 /* CommentViewController.swift in Sources */ = {isa = PBXBuildFile; fileRef = 4A1848141B44A375009D6026 /* CommentViewController.swift */; };
		4A1848171B472952009D6026 /* SharingViewController.swift in Sources */ = {isa = PBXBuildFile; fileRef = 4A1848161B472952009D6026 /* SharingViewController.swift */; };
		4A1848191B473A44009D6026 /* UpdateFooterTableViewCell.swift in Sources */ = {isa = PBXBuildFile; fileRef = 4A1848181B473A44009D6026 /* UpdateFooterTableViewCell.swift */; };
		4A4D11AE1B38EB4500E5EEDB /* BrowseRecipientCollectionViewController.swift in Sources */ = {isa = PBXBuildFile; fileRef = 4A4D11AD1B38EB4500E5EEDB /* BrowseRecipientCollectionViewController.swift */; };
		4A4D11B01B38EBCC00E5EEDB /* BrowseRecipientCollectionViewCell.swift in Sources */ = {isa = PBXBuildFile; fileRef = 4A4D11AF1B38EBCC00E5EEDB /* BrowseRecipientCollectionViewCell.swift */; };
		4A5A6EDD1B56F134003A1D0F /* RecipientBrowseViewController.swift in Sources */ = {isa = PBXBuildFile; fileRef = 4A5A6EDC1B56F134003A1D0F /* RecipientBrowseViewController.swift */; };
		4A5A6EDF1B570CEA003A1D0F /* RecipientBrowseCollectionViewCell.swift in Sources */ = {isa = PBXBuildFile; fileRef = 4A5A6EDE1B570CEA003A1D0F /* RecipientBrowseCollectionViewCell.swift */; };
		4A5A6EE11B57F804003A1D0F /* PortfolioViewController.swift in Sources */ = {isa = PBXBuildFile; fileRef = 4A5A6EE01B57F804003A1D0F /* PortfolioViewController.swift */; };
		4A5A6EE41B580DEB003A1D0F /* DonateesTableViewCell.swift in Sources */ = {isa = PBXBuildFile; fileRef = 4A5A6EE31B580DEB003A1D0F /* DonateesTableViewCell.swift */; };
		4A5A6EE61B5D7726003A1D0F /* MenuViewController.swift in Sources */ = {isa = PBXBuildFile; fileRef = 4A5A6EE51B5D7726003A1D0F /* MenuViewController.swift */; };
		4A5A6EEB1B5E8B52003A1D0F /* PortfolioTableViewController.swift in Sources */ = {isa = PBXBuildFile; fileRef = 4A5A6EEA1B5E8B52003A1D0F /* PortfolioTableViewController.swift */; };
		4A5A6EED1B5E8CDF003A1D0F /* LatestActivityTableViewCell.swift in Sources */ = {isa = PBXBuildFile; fileRef = 4A5A6EEC1B5E8CDF003A1D0F /* LatestActivityTableViewCell.swift */; };
		4A6A60B11B6AB81A00C3F142 /* NewsfeedTableViewController.swift in Sources */ = {isa = PBXBuildFile; fileRef = 4A6A60B01B6AB81A00C3F142 /* NewsfeedTableViewController.swift */; };
		4A6A60B31B6AB97A00C3F142 /* UpdateTableViewCell.swift in Sources */ = {isa = PBXBuildFile; fileRef = 4A6A60B21B6AB97A00C3F142 /* UpdateTableViewCell.swift */; };
		4A7462A11B3DBC9E00B8555C /* AsyncButton.swift in Sources */ = {isa = PBXBuildFile; fileRef = 4A7462831B3DBC9E00B8555C /* AsyncButton.swift */; };
		4A7462A21B3DBC9E00B8555C /* AsyncImageView.swift in Sources */ = {isa = PBXBuildFile; fileRef = 4A7462841B3DBC9E00B8555C /* AsyncImageView.swift */; };
		4A7462A31B3DBC9E00B8555C /* AutoTextView.swift in Sources */ = {isa = PBXBuildFile; fileRef = 4A7462851B3DBC9E00B8555C /* AutoTextView.swift */; };
		4A7462A41B3DBC9E00B8555C /* BlurView.swift in Sources */ = {isa = PBXBuildFile; fileRef = 4A7462861B3DBC9E00B8555C /* BlurView.swift */; };
		4A7462A51B3DBC9E00B8555C /* DesignableButton.swift in Sources */ = {isa = PBXBuildFile; fileRef = 4A7462871B3DBC9E00B8555C /* DesignableButton.swift */; };
		4A7462A61B3DBC9E00B8555C /* DesignableImageView.swift in Sources */ = {isa = PBXBuildFile; fileRef = 4A7462881B3DBC9E00B8555C /* DesignableImageView.swift */; };
		4A7462A71B3DBC9E00B8555C /* DesignableLabel.swift in Sources */ = {isa = PBXBuildFile; fileRef = 4A7462891B3DBC9E00B8555C /* DesignableLabel.swift */; };
		4A7462A81B3DBC9E00B8555C /* DesignableTabBarController.swift in Sources */ = {isa = PBXBuildFile; fileRef = 4A74628A1B3DBC9E00B8555C /* DesignableTabBarController.swift */; };
		4A7462A91B3DBC9E00B8555C /* DesignableTextField.swift in Sources */ = {isa = PBXBuildFile; fileRef = 4A74628B1B3DBC9E00B8555C /* DesignableTextField.swift */; };
		4A7462AA1B3DBC9E00B8555C /* DesignableTextView.swift in Sources */ = {isa = PBXBuildFile; fileRef = 4A74628C1B3DBC9E00B8555C /* DesignableTextView.swift */; };
		4A7462AB1B3DBC9E00B8555C /* DesignableView.swift in Sources */ = {isa = PBXBuildFile; fileRef = 4A74628D1B3DBC9E00B8555C /* DesignableView.swift */; };
		4A7462AC1B3DBC9E00B8555C /* ImageLoader.swift in Sources */ = {isa = PBXBuildFile; fileRef = 4A74628E1B3DBC9E00B8555C /* ImageLoader.swift */; };
		4A7462AD1B3DBC9E00B8555C /* Info.plist in Resources */ = {isa = PBXBuildFile; fileRef = 4A74628F1B3DBC9E00B8555C /* Info.plist */; };
		4A7462AE1B3DBC9E00B8555C /* KeyboardLayoutConstraint.swift in Sources */ = {isa = PBXBuildFile; fileRef = 4A7462901B3DBC9E00B8555C /* KeyboardLayoutConstraint.swift */; };
		4A7462AF1B3DBC9E00B8555C /* LoadingView.swift in Sources */ = {isa = PBXBuildFile; fileRef = 4A7462911B3DBC9E00B8555C /* LoadingView.swift */; };
		4A7462B01B3DBC9E00B8555C /* LoadingView.xib in Resources */ = {isa = PBXBuildFile; fileRef = 4A7462921B3DBC9E00B8555C /* LoadingView.xib */; };
		4A7462B11B3DBC9E00B8555C /* Misc.swift in Sources */ = {isa = PBXBuildFile; fileRef = 4A7462931B3DBC9E00B8555C /* Misc.swift */; };
		4A7462B21B3DBC9E00B8555C /* SoundPlayer.swift in Sources */ = {isa = PBXBuildFile; fileRef = 4A7462941B3DBC9E00B8555C /* SoundPlayer.swift */; };
		4A7462B31B3DBC9E00B8555C /* Spring.swift in Sources */ = {isa = PBXBuildFile; fileRef = 4A7462961B3DBC9E00B8555C /* Spring.swift */; };
		4A7462B41B3DBC9E00B8555C /* SpringAnimation.swift in Sources */ = {isa = PBXBuildFile; fileRef = 4A7462971B3DBC9E00B8555C /* SpringAnimation.swift */; };
		4A7462B51B3DBC9E00B8555C /* SpringButton.swift in Sources */ = {isa = PBXBuildFile; fileRef = 4A7462981B3DBC9E00B8555C /* SpringButton.swift */; };
		4A7462B61B3DBC9E00B8555C /* SpringImageView.swift in Sources */ = {isa = PBXBuildFile; fileRef = 4A7462991B3DBC9E00B8555C /* SpringImageView.swift */; };
		4A7462B71B3DBC9E00B8555C /* SpringLabel.swift in Sources */ = {isa = PBXBuildFile; fileRef = 4A74629A1B3DBC9E00B8555C /* SpringLabel.swift */; };
		4A7462B81B3DBC9E00B8555C /* SpringTextField.swift in Sources */ = {isa = PBXBuildFile; fileRef = 4A74629B1B3DBC9E00B8555C /* SpringTextField.swift */; };
		4A7462B91B3DBC9E00B8555C /* SpringTextView.swift in Sources */ = {isa = PBXBuildFile; fileRef = 4A74629C1B3DBC9E00B8555C /* SpringTextView.swift */; };
		4A7462BA1B3DBC9E00B8555C /* SpringView.swift in Sources */ = {isa = PBXBuildFile; fileRef = 4A74629D1B3DBC9E00B8555C /* SpringView.swift */; };
		4A7462BB1B3DBC9E00B8555C /* TransitionManager.swift in Sources */ = {isa = PBXBuildFile; fileRef = 4A74629E1B3DBC9E00B8555C /* TransitionManager.swift */; };
		4A7462BC1B3DBC9E00B8555C /* TransitionZoom.swift in Sources */ = {isa = PBXBuildFile; fileRef = 4A74629F1B3DBC9E00B8555C /* TransitionZoom.swift */; };
		4A7462BD1B3DBC9E00B8555C /* UnwindSegue.swift in Sources */ = {isa = PBXBuildFile; fileRef = 4A7462A01B3DBC9E00B8555C /* UnwindSegue.swift */; };
		4A7462C71B3F095D00B8555C /* TPKeyboardAvoidingCollectionView.m in Sources */ = {isa = PBXBuildFile; fileRef = 4A7462C01B3F095D00B8555C /* TPKeyboardAvoidingCollectionView.m */; };
		4A7462C81B3F095D00B8555C /* TPKeyboardAvoidingScrollView.m in Sources */ = {isa = PBXBuildFile; fileRef = 4A7462C21B3F095D00B8555C /* TPKeyboardAvoidingScrollView.m */; };
		4A7462C91B3F095D00B8555C /* TPKeyboardAvoidingTableView.m in Sources */ = {isa = PBXBuildFile; fileRef = 4A7462C41B3F095D00B8555C /* TPKeyboardAvoidingTableView.m */; };
		4A7462CA1B3F095D00B8555C /* UIScrollView+TPKeyboardAvoidingAdditions.m in Sources */ = {isa = PBXBuildFile; fileRef = 4A7462C61B3F095D00B8555C /* UIScrollView+TPKeyboardAvoidingAdditions.m */; };
		4AB19B131B3B538100B3E973 /* Parse.framework in Frameworks */ = {isa = PBXBuildFile; fileRef = 4AB19B0D1B3B538100B3E973 /* Parse.framework */; };
		4AB19B141B3B538100B3E973 /* ParseCrashReporting.framework in Frameworks */ = {isa = PBXBuildFile; fileRef = 4AB19B0E1B3B538100B3E973 /* ParseCrashReporting.framework */; };
		4AB19B151B3B538100B3E973 /* ParseFacebookUtils.framework in Frameworks */ = {isa = PBXBuildFile; fileRef = 4AB19B0F1B3B538100B3E973 /* ParseFacebookUtils.framework */; };
		4AB19B161B3B538100B3E973 /* ParseFacebookUtilsV4.framework in Frameworks */ = {isa = PBXBuildFile; fileRef = 4AB19B101B3B538100B3E973 /* ParseFacebookUtilsV4.framework */; };
		4AB19B171B3B538100B3E973 /* ParseUI.framework in Frameworks */ = {isa = PBXBuildFile; fileRef = 4AB19B111B3B538100B3E973 /* ParseUI.framework */; };
		4AB19B201B3B6C7900B3E973 /* FBAudienceNetwork.framework in Frameworks */ = {isa = PBXBuildFile; fileRef = 4AB19B1B1B3B6C7900B3E973 /* FBAudienceNetwork.framework */; };
		4AB19B211B3B6C7900B3E973 /* FBSDKCoreKit.framework in Frameworks */ = {isa = PBXBuildFile; fileRef = 4AB19B1C1B3B6C7900B3E973 /* FBSDKCoreKit.framework */; };
		4AB19B221B3B6C7900B3E973 /* FBSDKLoginKit.framework in Frameworks */ = {isa = PBXBuildFile; fileRef = 4AB19B1D1B3B6C7900B3E973 /* FBSDKLoginKit.framework */; };
		4AB19B231B3B6C7900B3E973 /* FBSDKMessengerShareKit.framework in Frameworks */ = {isa = PBXBuildFile; fileRef = 4AB19B1E1B3B6C7900B3E973 /* FBSDKMessengerShareKit.framework */; };
		4AB19B241B3B6C7900B3E973 /* FBSDKShareKit.framework in Frameworks */ = {isa = PBXBuildFile; fileRef = 4AB19B1F1B3B6C7900B3E973 /* FBSDKShareKit.framework */; };
		4AB19B281B3B714800B3E973 /* Bolts.framework in Frameworks */ = {isa = PBXBuildFile; fileRef = 4AB19B271B3B714800B3E973 /* Bolts.framework */; };
		4AB36AE21B67DB1400ABCE23 /* UserAccountTableViewController.swift in Sources */ = {isa = PBXBuildFile; fileRef = 4AB36AE11B67DB1400ABCE23 /* UserAccountTableViewController.swift */; };
		4AB36AE41B67DFFF00ABCE23 /* UserAccountProfileTableViewCell.swift in Sources */ = {isa = PBXBuildFile; fileRef = 4AB36AE31B67DFFF00ABCE23 /* UserAccountProfileTableViewCell.swift */; };
		4AB36AE61B67E02000ABCE23 /* FriendActivityTableViewCell.swift in Sources */ = {isa = PBXBuildFile; fileRef = 4AB36AE51B67E02000ABCE23 /* FriendActivityTableViewCell.swift */; };
		4AB36AE81B680A4700ABCE23 /* UserAccountStatsTableViewCell.swift in Sources */ = {isa = PBXBuildFile; fileRef = 4AB36AE71B680A4700ABCE23 /* UserAccountStatsTableViewCell.swift */; };
		4AB36AEA1B683B7F00ABCE23 /* UserAccountFollowingTableViewCell.swift in Sources */ = {isa = PBXBuildFile; fileRef = 4AB36AE91B683B7F00ABCE23 /* UserAccountFollowingTableViewCell.swift */; };
		4ACBA7581B641DDF00F25D74 /* StaticMenuTableViewController.swift in Sources */ = {isa = PBXBuildFile; fileRef = 4ACBA7571B641DDF00F25D74 /* StaticMenuTableViewController.swift */; };
		4ACBA75A1B65346C00F25D74 /* Testing_NewsfeedHeaderTableViewCell.swift in Sources */ = {isa = PBXBuildFile; fileRef = 4ACBA7591B65346C00F25D74 /* Testing_NewsfeedHeaderTableViewCell.swift */; };
		4ACBA75C1B6534A000F25D74 /* Testing_NewsfeedUpdateTableViewCell.swift in Sources */ = {isa = PBXBuildFile; fileRef = 4ACBA75B1B6534A000F25D74 /* Testing_NewsfeedUpdateTableViewCell.swift */; };
		4ACBA75E1B6534FE00F25D74 /* Testing_NewsfeedTableViewController.swift in Sources */ = {isa = PBXBuildFile; fileRef = 4ACBA75D1B6534FE00F25D74 /* Testing_NewsfeedTableViewController.swift */; };
		4ACBA7601B66785900F25D74 /* NewsfeedViewController.swift in Sources */ = {isa = PBXBuildFile; fileRef = 4ACBA75F1B66785900F25D74 /* NewsfeedViewController.swift */; };
		4AD91CB41B2B306F00A9FB23 /* AudioToolbox.framework in Frameworks */ = {isa = PBXBuildFile; fileRef = 4AD91CB31B2B306F00A9FB23 /* AudioToolbox.framework */; };
		4AD91CB61B2B307A00A9FB23 /* CFNetwork.framework in Frameworks */ = {isa = PBXBuildFile; fileRef = 4AD91CB51B2B307A00A9FB23 /* CFNetwork.framework */; };
		4AD91CB81B2B309F00A9FB23 /* libsqlite3.dylib in Frameworks */ = {isa = PBXBuildFile; fileRef = 4AD91CB71B2B309F00A9FB23 /* libsqlite3.dylib */; };
		4AD91CBA1B2B30AB00A9FB23 /* libz.dylib in Frameworks */ = {isa = PBXBuildFile; fileRef = 4AD91CB91B2B30AB00A9FB23 /* libz.dylib */; };
		4AD91CBC1B2B30BB00A9FB23 /* SystemConfiguration.framework in Frameworks */ = {isa = PBXBuildFile; fileRef = 4AD91CBB1B2B30BB00A9FB23 /* SystemConfiguration.framework */; };
		4AD91CBE1B2B30C100A9FB23 /* StoreKit.framework in Frameworks */ = {isa = PBXBuildFile; fileRef = 4AD91CBD1B2B30C100A9FB23 /* StoreKit.framework */; };
		4AD91CC01B2B30C900A9FB23 /* Security.framework in Frameworks */ = {isa = PBXBuildFile; fileRef = 4AD91CBF1B2B30C900A9FB23 /* Security.framework */; };
		4AD91CC21B2B30D700A9FB23 /* QuartzCore.framework in Frameworks */ = {isa = PBXBuildFile; fileRef = 4AD91CC11B2B30D700A9FB23 /* QuartzCore.framework */; };
		4AD91CC41B2B30DE00A9FB23 /* MobileCoreServices.framework in Frameworks */ = {isa = PBXBuildFile; fileRef = 4AD91CC31B2B30DE00A9FB23 /* MobileCoreServices.framework */; };
		4AD91CC61B2B30E500A9FB23 /* CoreLocation.framework in Frameworks */ = {isa = PBXBuildFile; fileRef = 4AD91CC51B2B30E500A9FB23 /* CoreLocation.framework */; };
		4AD91CC81B2B30EB00A9FB23 /* CoreGraphics.framework in Frameworks */ = {isa = PBXBuildFile; fileRef = 4AD91CC71B2B30EB00A9FB23 /* CoreGraphics.framework */; };
		4AD91CD51B2B5C0400A9FB23 /* RecipientListTableViewCell.swift in Sources */ = {isa = PBXBuildFile; fileRef = 4AD91CD41B2B5C0400A9FB23 /* RecipientListTableViewCell.swift */; };
		4AF9507C1B306646004313DC /* ProfileTableViewController.swift in Sources */ = {isa = PBXBuildFile; fileRef = 4AF9507B1B306646004313DC /* ProfileTableViewController.swift */; };
		4AF950811B306BCA004313DC /* RecipientUpdatesTableViewCell.swift in Sources */ = {isa = PBXBuildFile; fileRef = 4AF950801B306BCA004313DC /* RecipientUpdatesTableViewCell.swift */; };
		4AF950831B306BE5004313DC /* ProfileSummaryTableViewCell.swift in Sources */ = {isa = PBXBuildFile; fileRef = 4AF950821B306BE5004313DC /* ProfileSummaryTableViewCell.swift */; };
		C43780531B2933080018BD41 /* AppDelegate.swift in Sources */ = {isa = PBXBuildFile; fileRef = C43780521B2933080018BD41 /* AppDelegate.swift */; };
		C43780551B2933080018BD41 /* RecipientListTableViewController.swift in Sources */ = {isa = PBXBuildFile; fileRef = C43780541B2933080018BD41 /* RecipientListTableViewController.swift */; };
		C43780581B2933080018BD41 /* Main.storyboard in Resources */ = {isa = PBXBuildFile; fileRef = C43780561B2933080018BD41 /* Main.storyboard */; };
		C437805A1B2933080018BD41 /* Images.xcassets in Resources */ = {isa = PBXBuildFile; fileRef = C43780591B2933080018BD41 /* Images.xcassets */; };
		C437805D1B2933080018BD41 /* LaunchScreen.xib in Resources */ = {isa = PBXBuildFile; fileRef = C437805B1B2933080018BD41 /* LaunchScreen.xib */; };
		C43780691B2933080018BD41 /* GiveDirectlyTests.swift in Sources */ = {isa = PBXBuildFile; fileRef = C43780681B2933080018BD41 /* GiveDirectlyTests.swift */; };
/* End PBXBuildFile section */

/* Begin PBXContainerItemProxy section */
		C43780631B2933080018BD41 /* PBXContainerItemProxy */ = {
			isa = PBXContainerItemProxy;
			containerPortal = C43780451B2933080018BD41 /* Project object */;
			proxyType = 1;
			remoteGlobalIDString = C437804C1B2933080018BD41;
			remoteInfo = GiveDirectly;
		};
/* End PBXContainerItemProxy section */

/* Begin PBXFileReference section */
		4A18480F1B446CEF009D6026 /* old_NewsfeedTableViewController.swift */ = {isa = PBXFileReference; fileEncoding = 4; lastKnownFileType = sourcecode.swift; path = old_NewsfeedTableViewController.swift; sourceTree = "<group>"; };
		4A1848111B446D36009D6026 /* old_UpdateTableViewCell.swift */ = {isa = PBXFileReference; fileEncoding = 4; lastKnownFileType = sourcecode.swift; path = old_UpdateTableViewCell.swift; sourceTree = "<group>"; };
		4A1848141B44A375009D6026 /* CommentViewController.swift */ = {isa = PBXFileReference; fileEncoding = 4; lastKnownFileType = sourcecode.swift; path = CommentViewController.swift; sourceTree = "<group>"; };
		4A1848161B472952009D6026 /* SharingViewController.swift */ = {isa = PBXFileReference; fileEncoding = 4; lastKnownFileType = sourcecode.swift; path = SharingViewController.swift; sourceTree = "<group>"; };
		4A1848181B473A44009D6026 /* UpdateFooterTableViewCell.swift */ = {isa = PBXFileReference; fileEncoding = 4; lastKnownFileType = sourcecode.swift; path = UpdateFooterTableViewCell.swift; sourceTree = "<group>"; };
		4A4D11AD1B38EB4500E5EEDB /* BrowseRecipientCollectionViewController.swift */ = {isa = PBXFileReference; fileEncoding = 4; lastKnownFileType = sourcecode.swift; path = BrowseRecipientCollectionViewController.swift; sourceTree = "<group>"; };
		4A4D11AF1B38EBCC00E5EEDB /* BrowseRecipientCollectionViewCell.swift */ = {isa = PBXFileReference; fileEncoding = 4; lastKnownFileType = sourcecode.swift; path = BrowseRecipientCollectionViewCell.swift; sourceTree = "<group>"; };
		4A5A6EDC1B56F134003A1D0F /* RecipientBrowseViewController.swift */ = {isa = PBXFileReference; fileEncoding = 4; lastKnownFileType = sourcecode.swift; path = RecipientBrowseViewController.swift; sourceTree = "<group>"; };
		4A5A6EDE1B570CEA003A1D0F /* RecipientBrowseCollectionViewCell.swift */ = {isa = PBXFileReference; fileEncoding = 4; lastKnownFileType = sourcecode.swift; path = RecipientBrowseCollectionViewCell.swift; sourceTree = "<group>"; };
		4A5A6EE01B57F804003A1D0F /* PortfolioViewController.swift */ = {isa = PBXFileReference; fileEncoding = 4; lastKnownFileType = sourcecode.swift; path = PortfolioViewController.swift; sourceTree = "<group>"; };
		4A5A6EE31B580DEB003A1D0F /* DonateesTableViewCell.swift */ = {isa = PBXFileReference; fileEncoding = 4; lastKnownFileType = sourcecode.swift; path = DonateesTableViewCell.swift; sourceTree = "<group>"; };
		4A5A6EE51B5D7726003A1D0F /* MenuViewController.swift */ = {isa = PBXFileReference; fileEncoding = 4; lastKnownFileType = sourcecode.swift; path = MenuViewController.swift; sourceTree = "<group>"; };
		4A5A6EEA1B5E8B52003A1D0F /* PortfolioTableViewController.swift */ = {isa = PBXFileReference; fileEncoding = 4; lastKnownFileType = sourcecode.swift; path = PortfolioTableViewController.swift; sourceTree = "<group>"; };
		4A5A6EEC1B5E8CDF003A1D0F /* LatestActivityTableViewCell.swift */ = {isa = PBXFileReference; fileEncoding = 4; lastKnownFileType = sourcecode.swift; path = LatestActivityTableViewCell.swift; sourceTree = "<group>"; };
		4A6A60B01B6AB81A00C3F142 /* NewsfeedTableViewController.swift */ = {isa = PBXFileReference; fileEncoding = 4; lastKnownFileType = sourcecode.swift; path = NewsfeedTableViewController.swift; sourceTree = "<group>"; };
		4A6A60B21B6AB97A00C3F142 /* UpdateTableViewCell.swift */ = {isa = PBXFileReference; fileEncoding = 4; lastKnownFileType = sourcecode.swift; path = UpdateTableViewCell.swift; sourceTree = "<group>"; };
		4A7462831B3DBC9E00B8555C /* AsyncButton.swift */ = {isa = PBXFileReference; fileEncoding = 4; lastKnownFileType = sourcecode.swift; path = AsyncButton.swift; sourceTree = "<group>"; };
		4A7462841B3DBC9E00B8555C /* AsyncImageView.swift */ = {isa = PBXFileReference; fileEncoding = 4; lastKnownFileType = sourcecode.swift; path = AsyncImageView.swift; sourceTree = "<group>"; };
		4A7462851B3DBC9E00B8555C /* AutoTextView.swift */ = {isa = PBXFileReference; fileEncoding = 4; lastKnownFileType = sourcecode.swift; path = AutoTextView.swift; sourceTree = "<group>"; };
		4A7462861B3DBC9E00B8555C /* BlurView.swift */ = {isa = PBXFileReference; fileEncoding = 4; lastKnownFileType = sourcecode.swift; path = BlurView.swift; sourceTree = "<group>"; };
		4A7462871B3DBC9E00B8555C /* DesignableButton.swift */ = {isa = PBXFileReference; fileEncoding = 4; lastKnownFileType = sourcecode.swift; path = DesignableButton.swift; sourceTree = "<group>"; };
		4A7462881B3DBC9E00B8555C /* DesignableImageView.swift */ = {isa = PBXFileReference; fileEncoding = 4; lastKnownFileType = sourcecode.swift; path = DesignableImageView.swift; sourceTree = "<group>"; };
		4A7462891B3DBC9E00B8555C /* DesignableLabel.swift */ = {isa = PBXFileReference; fileEncoding = 4; lastKnownFileType = sourcecode.swift; path = DesignableLabel.swift; sourceTree = "<group>"; };
		4A74628A1B3DBC9E00B8555C /* DesignableTabBarController.swift */ = {isa = PBXFileReference; fileEncoding = 4; lastKnownFileType = sourcecode.swift; path = DesignableTabBarController.swift; sourceTree = "<group>"; };
		4A74628B1B3DBC9E00B8555C /* DesignableTextField.swift */ = {isa = PBXFileReference; fileEncoding = 4; lastKnownFileType = sourcecode.swift; path = DesignableTextField.swift; sourceTree = "<group>"; };
		4A74628C1B3DBC9E00B8555C /* DesignableTextView.swift */ = {isa = PBXFileReference; fileEncoding = 4; lastKnownFileType = sourcecode.swift; path = DesignableTextView.swift; sourceTree = "<group>"; };
		4A74628D1B3DBC9E00B8555C /* DesignableView.swift */ = {isa = PBXFileReference; fileEncoding = 4; lastKnownFileType = sourcecode.swift; path = DesignableView.swift; sourceTree = "<group>"; };
		4A74628E1B3DBC9E00B8555C /* ImageLoader.swift */ = {isa = PBXFileReference; fileEncoding = 4; lastKnownFileType = sourcecode.swift; path = ImageLoader.swift; sourceTree = "<group>"; };
		4A74628F1B3DBC9E00B8555C /* Info.plist */ = {isa = PBXFileReference; fileEncoding = 4; lastKnownFileType = text.plist.xml; path = Info.plist; sourceTree = "<group>"; };
		4A7462901B3DBC9E00B8555C /* KeyboardLayoutConstraint.swift */ = {isa = PBXFileReference; fileEncoding = 4; lastKnownFileType = sourcecode.swift; path = KeyboardLayoutConstraint.swift; sourceTree = "<group>"; };
		4A7462911B3DBC9E00B8555C /* LoadingView.swift */ = {isa = PBXFileReference; fileEncoding = 4; lastKnownFileType = sourcecode.swift; path = LoadingView.swift; sourceTree = "<group>"; };
		4A7462921B3DBC9E00B8555C /* LoadingView.xib */ = {isa = PBXFileReference; fileEncoding = 4; lastKnownFileType = file.xib; path = LoadingView.xib; sourceTree = "<group>"; };
		4A7462931B3DBC9E00B8555C /* Misc.swift */ = {isa = PBXFileReference; fileEncoding = 4; lastKnownFileType = sourcecode.swift; path = Misc.swift; sourceTree = "<group>"; };
		4A7462941B3DBC9E00B8555C /* SoundPlayer.swift */ = {isa = PBXFileReference; fileEncoding = 4; lastKnownFileType = sourcecode.swift; path = SoundPlayer.swift; sourceTree = "<group>"; };
		4A7462951B3DBC9E00B8555C /* Spring.h */ = {isa = PBXFileReference; fileEncoding = 4; lastKnownFileType = sourcecode.c.h; path = Spring.h; sourceTree = "<group>"; };
		4A7462961B3DBC9E00B8555C /* Spring.swift */ = {isa = PBXFileReference; fileEncoding = 4; lastKnownFileType = sourcecode.swift; path = Spring.swift; sourceTree = "<group>"; };
		4A7462971B3DBC9E00B8555C /* SpringAnimation.swift */ = {isa = PBXFileReference; fileEncoding = 4; lastKnownFileType = sourcecode.swift; path = SpringAnimation.swift; sourceTree = "<group>"; };
		4A7462981B3DBC9E00B8555C /* SpringButton.swift */ = {isa = PBXFileReference; fileEncoding = 4; lastKnownFileType = sourcecode.swift; path = SpringButton.swift; sourceTree = "<group>"; };
		4A7462991B3DBC9E00B8555C /* SpringImageView.swift */ = {isa = PBXFileReference; fileEncoding = 4; lastKnownFileType = sourcecode.swift; path = SpringImageView.swift; sourceTree = "<group>"; };
		4A74629A1B3DBC9E00B8555C /* SpringLabel.swift */ = {isa = PBXFileReference; fileEncoding = 4; lastKnownFileType = sourcecode.swift; path = SpringLabel.swift; sourceTree = "<group>"; };
		4A74629B1B3DBC9E00B8555C /* SpringTextField.swift */ = {isa = PBXFileReference; fileEncoding = 4; lastKnownFileType = sourcecode.swift; path = SpringTextField.swift; sourceTree = "<group>"; };
		4A74629C1B3DBC9E00B8555C /* SpringTextView.swift */ = {isa = PBXFileReference; fileEncoding = 4; lastKnownFileType = sourcecode.swift; path = SpringTextView.swift; sourceTree = "<group>"; };
		4A74629D1B3DBC9E00B8555C /* SpringView.swift */ = {isa = PBXFileReference; fileEncoding = 4; lastKnownFileType = sourcecode.swift; path = SpringView.swift; sourceTree = "<group>"; };
		4A74629E1B3DBC9E00B8555C /* TransitionManager.swift */ = {isa = PBXFileReference; fileEncoding = 4; lastKnownFileType = sourcecode.swift; path = TransitionManager.swift; sourceTree = "<group>"; };
		4A74629F1B3DBC9E00B8555C /* TransitionZoom.swift */ = {isa = PBXFileReference; fileEncoding = 4; lastKnownFileType = sourcecode.swift; path = TransitionZoom.swift; sourceTree = "<group>"; };
		4A7462A01B3DBC9E00B8555C /* UnwindSegue.swift */ = {isa = PBXFileReference; fileEncoding = 4; lastKnownFileType = sourcecode.swift; path = UnwindSegue.swift; sourceTree = "<group>"; };
		4A7462BF1B3F095D00B8555C /* TPKeyboardAvoidingCollectionView.h */ = {isa = PBXFileReference; fileEncoding = 4; lastKnownFileType = sourcecode.c.h; path = TPKeyboardAvoidingCollectionView.h; sourceTree = "<group>"; };
		4A7462C01B3F095D00B8555C /* TPKeyboardAvoidingCollectionView.m */ = {isa = PBXFileReference; fileEncoding = 4; lastKnownFileType = sourcecode.c.objc; path = TPKeyboardAvoidingCollectionView.m; sourceTree = "<group>"; };
		4A7462C11B3F095D00B8555C /* TPKeyboardAvoidingScrollView.h */ = {isa = PBXFileReference; fileEncoding = 4; lastKnownFileType = sourcecode.c.h; path = TPKeyboardAvoidingScrollView.h; sourceTree = "<group>"; };
		4A7462C21B3F095D00B8555C /* TPKeyboardAvoidingScrollView.m */ = {isa = PBXFileReference; fileEncoding = 4; lastKnownFileType = sourcecode.c.objc; path = TPKeyboardAvoidingScrollView.m; sourceTree = "<group>"; };
		4A7462C31B3F095D00B8555C /* TPKeyboardAvoidingTableView.h */ = {isa = PBXFileReference; fileEncoding = 4; lastKnownFileType = sourcecode.c.h; path = TPKeyboardAvoidingTableView.h; sourceTree = "<group>"; };
		4A7462C41B3F095D00B8555C /* TPKeyboardAvoidingTableView.m */ = {isa = PBXFileReference; fileEncoding = 4; lastKnownFileType = sourcecode.c.objc; path = TPKeyboardAvoidingTableView.m; sourceTree = "<group>"; };
		4A7462C51B3F095D00B8555C /* UIScrollView+TPKeyboardAvoidingAdditions.h */ = {isa = PBXFileReference; fileEncoding = 4; lastKnownFileType = sourcecode.c.h; path = "UIScrollView+TPKeyboardAvoidingAdditions.h"; sourceTree = "<group>"; };
		4A7462C61B3F095D00B8555C /* UIScrollView+TPKeyboardAvoidingAdditions.m */ = {isa = PBXFileReference; fileEncoding = 4; lastKnownFileType = sourcecode.c.objc; path = "UIScrollView+TPKeyboardAvoidingAdditions.m"; sourceTree = "<group>"; };
		4AB19B0D1B3B538100B3E973 /* Parse.framework */ = {isa = PBXFileReference; lastKnownFileType = wrapper.framework; path = Parse.framework; sourceTree = "<group>"; };
		4AB19B0E1B3B538100B3E973 /* ParseCrashReporting.framework */ = {isa = PBXFileReference; lastKnownFileType = wrapper.framework; path = ParseCrashReporting.framework; sourceTree = "<group>"; };
		4AB19B0F1B3B538100B3E973 /* ParseFacebookUtils.framework */ = {isa = PBXFileReference; lastKnownFileType = wrapper.framework; path = ParseFacebookUtils.framework; sourceTree = "<group>"; };
		4AB19B101B3B538100B3E973 /* ParseFacebookUtilsV4.framework */ = {isa = PBXFileReference; lastKnownFileType = wrapper.framework; path = ParseFacebookUtilsV4.framework; sourceTree = "<group>"; };
		4AB19B111B3B538100B3E973 /* ParseUI.framework */ = {isa = PBXFileReference; lastKnownFileType = wrapper.framework; path = ParseUI.framework; sourceTree = "<group>"; };
		4AB19B181B3B6A5600B3E973 /* GiveDirectly-Bridging-Header.h */ = {isa = PBXFileReference; lastKnownFileType = sourcecode.c.h; path = "GiveDirectly-Bridging-Header.h"; sourceTree = "<group>"; };
		4AB19B1B1B3B6C7900B3E973 /* FBAudienceNetwork.framework */ = {isa = PBXFileReference; lastKnownFileType = wrapper.framework; path = FBAudienceNetwork.framework; sourceTree = "<group>"; };
		4AB19B1C1B3B6C7900B3E973 /* FBSDKCoreKit.framework */ = {isa = PBXFileReference; lastKnownFileType = wrapper.framework; path = FBSDKCoreKit.framework; sourceTree = "<group>"; };
		4AB19B1D1B3B6C7900B3E973 /* FBSDKLoginKit.framework */ = {isa = PBXFileReference; lastKnownFileType = wrapper.framework; path = FBSDKLoginKit.framework; sourceTree = "<group>"; };
		4AB19B1E1B3B6C7900B3E973 /* FBSDKMessengerShareKit.framework */ = {isa = PBXFileReference; lastKnownFileType = wrapper.framework; path = FBSDKMessengerShareKit.framework; sourceTree = "<group>"; };
		4AB19B1F1B3B6C7900B3E973 /* FBSDKShareKit.framework */ = {isa = PBXFileReference; lastKnownFileType = wrapper.framework; path = FBSDKShareKit.framework; sourceTree = "<group>"; };
		4AB19B271B3B714800B3E973 /* Bolts.framework */ = {isa = PBXFileReference; lastKnownFileType = wrapper.framework; path = Bolts.framework; sourceTree = "<group>"; };
		4AB36AE11B67DB1400ABCE23 /* UserAccountTableViewController.swift */ = {isa = PBXFileReference; fileEncoding = 4; lastKnownFileType = sourcecode.swift; path = UserAccountTableViewController.swift; sourceTree = "<group>"; };
		4AB36AE31B67DFFF00ABCE23 /* UserAccountProfileTableViewCell.swift */ = {isa = PBXFileReference; fileEncoding = 4; lastKnownFileType = sourcecode.swift; path = UserAccountProfileTableViewCell.swift; sourceTree = "<group>"; };
		4AB36AE51B67E02000ABCE23 /* FriendActivityTableViewCell.swift */ = {isa = PBXFileReference; fileEncoding = 4; lastKnownFileType = sourcecode.swift; path = FriendActivityTableViewCell.swift; sourceTree = "<group>"; };
		4AB36AE71B680A4700ABCE23 /* UserAccountStatsTableViewCell.swift */ = {isa = PBXFileReference; fileEncoding = 4; lastKnownFileType = sourcecode.swift; path = UserAccountStatsTableViewCell.swift; sourceTree = "<group>"; };
		4AB36AE91B683B7F00ABCE23 /* UserAccountFollowingTableViewCell.swift */ = {isa = PBXFileReference; fileEncoding = 4; lastKnownFileType = sourcecode.swift; path = UserAccountFollowingTableViewCell.swift; sourceTree = "<group>"; };
		4ACBA7571B641DDF00F25D74 /* StaticMenuTableViewController.swift */ = {isa = PBXFileReference; fileEncoding = 4; lastKnownFileType = sourcecode.swift; path = StaticMenuTableViewController.swift; sourceTree = "<group>"; };
		4ACBA7591B65346C00F25D74 /* Testing_NewsfeedHeaderTableViewCell.swift */ = {isa = PBXFileReference; fileEncoding = 4; lastKnownFileType = sourcecode.swift; path = Testing_NewsfeedHeaderTableViewCell.swift; sourceTree = "<group>"; };
		4ACBA75B1B6534A000F25D74 /* Testing_NewsfeedUpdateTableViewCell.swift */ = {isa = PBXFileReference; fileEncoding = 4; lastKnownFileType = sourcecode.swift; path = Testing_NewsfeedUpdateTableViewCell.swift; sourceTree = "<group>"; };
		4ACBA75D1B6534FE00F25D74 /* Testing_NewsfeedTableViewController.swift */ = {isa = PBXFileReference; fileEncoding = 4; lastKnownFileType = sourcecode.swift; path = Testing_NewsfeedTableViewController.swift; sourceTree = "<group>"; };
		4ACBA75F1B66785900F25D74 /* NewsfeedViewController.swift */ = {isa = PBXFileReference; fileEncoding = 4; lastKnownFileType = sourcecode.swift; path = NewsfeedViewController.swift; sourceTree = "<group>"; };
		4AD91CB31B2B306F00A9FB23 /* AudioToolbox.framework */ = {isa = PBXFileReference; lastKnownFileType = wrapper.framework; name = AudioToolbox.framework; path = System/Library/Frameworks/AudioToolbox.framework; sourceTree = SDKROOT; };
		4AD91CB51B2B307A00A9FB23 /* CFNetwork.framework */ = {isa = PBXFileReference; lastKnownFileType = wrapper.framework; name = CFNetwork.framework; path = System/Library/Frameworks/CFNetwork.framework; sourceTree = SDKROOT; };
		4AD91CB71B2B309F00A9FB23 /* libsqlite3.dylib */ = {isa = PBXFileReference; lastKnownFileType = "compiled.mach-o.dylib"; name = libsqlite3.dylib; path = usr/lib/libsqlite3.dylib; sourceTree = SDKROOT; };
		4AD91CB91B2B30AB00A9FB23 /* libz.dylib */ = {isa = PBXFileReference; lastKnownFileType = "compiled.mach-o.dylib"; name = libz.dylib; path = usr/lib/libz.dylib; sourceTree = SDKROOT; };
		4AD91CBB1B2B30BB00A9FB23 /* SystemConfiguration.framework */ = {isa = PBXFileReference; lastKnownFileType = wrapper.framework; name = SystemConfiguration.framework; path = System/Library/Frameworks/SystemConfiguration.framework; sourceTree = SDKROOT; };
		4AD91CBD1B2B30C100A9FB23 /* StoreKit.framework */ = {isa = PBXFileReference; lastKnownFileType = wrapper.framework; name = StoreKit.framework; path = System/Library/Frameworks/StoreKit.framework; sourceTree = SDKROOT; };
		4AD91CBF1B2B30C900A9FB23 /* Security.framework */ = {isa = PBXFileReference; lastKnownFileType = wrapper.framework; name = Security.framework; path = System/Library/Frameworks/Security.framework; sourceTree = SDKROOT; };
		4AD91CC11B2B30D700A9FB23 /* QuartzCore.framework */ = {isa = PBXFileReference; lastKnownFileType = wrapper.framework; name = QuartzCore.framework; path = System/Library/Frameworks/QuartzCore.framework; sourceTree = SDKROOT; };
		4AD91CC31B2B30DE00A9FB23 /* MobileCoreServices.framework */ = {isa = PBXFileReference; lastKnownFileType = wrapper.framework; name = MobileCoreServices.framework; path = System/Library/Frameworks/MobileCoreServices.framework; sourceTree = SDKROOT; };
		4AD91CC51B2B30E500A9FB23 /* CoreLocation.framework */ = {isa = PBXFileReference; lastKnownFileType = wrapper.framework; name = CoreLocation.framework; path = System/Library/Frameworks/CoreLocation.framework; sourceTree = SDKROOT; };
		4AD91CC71B2B30EB00A9FB23 /* CoreGraphics.framework */ = {isa = PBXFileReference; lastKnownFileType = wrapper.framework; name = CoreGraphics.framework; path = System/Library/Frameworks/CoreGraphics.framework; sourceTree = SDKROOT; };
		4AD91CD41B2B5C0400A9FB23 /* RecipientListTableViewCell.swift */ = {isa = PBXFileReference; fileEncoding = 4; lastKnownFileType = sourcecode.swift; path = RecipientListTableViewCell.swift; sourceTree = "<group>"; };
		4AF9507B1B306646004313DC /* ProfileTableViewController.swift */ = {isa = PBXFileReference; fileEncoding = 4; lastKnownFileType = sourcecode.swift; path = ProfileTableViewController.swift; sourceTree = "<group>"; };
		4AF950801B306BCA004313DC /* RecipientUpdatesTableViewCell.swift */ = {isa = PBXFileReference; fileEncoding = 4; lastKnownFileType = sourcecode.swift; path = RecipientUpdatesTableViewCell.swift; sourceTree = "<group>"; };
		4AF950821B306BE5004313DC /* ProfileSummaryTableViewCell.swift */ = {isa = PBXFileReference; fileEncoding = 4; lastKnownFileType = sourcecode.swift; path = ProfileSummaryTableViewCell.swift; sourceTree = "<group>"; };
		C437804D1B2933080018BD41 /* GiveDirectly.app */ = {isa = PBXFileReference; explicitFileType = wrapper.application; includeInIndex = 0; path = GiveDirectly.app; sourceTree = BUILT_PRODUCTS_DIR; };
		C43780511B2933080018BD41 /* Info.plist */ = {isa = PBXFileReference; lastKnownFileType = text.plist.xml; path = Info.plist; sourceTree = "<group>"; };
		C43780521B2933080018BD41 /* AppDelegate.swift */ = {isa = PBXFileReference; lastKnownFileType = sourcecode.swift; path = AppDelegate.swift; sourceTree = "<group>"; };
		C43780541B2933080018BD41 /* RecipientListTableViewController.swift */ = {isa = PBXFileReference; lastKnownFileType = sourcecode.swift; path = RecipientListTableViewController.swift; sourceTree = "<group>"; };
		C43780571B2933080018BD41 /* Base */ = {isa = PBXFileReference; lastKnownFileType = file.storyboard; name = Base; path = Base.lproj/Main.storyboard; sourceTree = "<group>"; };
		C43780591B2933080018BD41 /* Images.xcassets */ = {isa = PBXFileReference; lastKnownFileType = folder.assetcatalog; path = Images.xcassets; sourceTree = "<group>"; };
		C437805C1B2933080018BD41 /* Base */ = {isa = PBXFileReference; lastKnownFileType = file.xib; name = Base; path = Base.lproj/LaunchScreen.xib; sourceTree = "<group>"; };
		C43780621B2933080018BD41 /* GiveDirectlyTests.xctest */ = {isa = PBXFileReference; explicitFileType = wrapper.cfbundle; includeInIndex = 0; path = GiveDirectlyTests.xctest; sourceTree = BUILT_PRODUCTS_DIR; };
		C43780671B2933080018BD41 /* Info.plist */ = {isa = PBXFileReference; lastKnownFileType = text.plist.xml; path = Info.plist; sourceTree = "<group>"; };
		C43780681B2933080018BD41 /* GiveDirectlyTests.swift */ = {isa = PBXFileReference; lastKnownFileType = sourcecode.swift; path = GiveDirectlyTests.swift; sourceTree = "<group>"; };
/* End PBXFileReference section */

/* Begin PBXFrameworksBuildPhase section */
		C437804A1B2933080018BD41 /* Frameworks */ = {
			isa = PBXFrameworksBuildPhase;
			buildActionMask = 2147483647;
			files = (
				4AD91CB41B2B306F00A9FB23 /* AudioToolbox.framework in Frameworks */,
				4AD91CB61B2B307A00A9FB23 /* CFNetwork.framework in Frameworks */,
				4AB19B221B3B6C7900B3E973 /* FBSDKLoginKit.framework in Frameworks */,
				4AD91CC81B2B30EB00A9FB23 /* CoreGraphics.framework in Frameworks */,
				4AD91CC61B2B30E500A9FB23 /* CoreLocation.framework in Frameworks */,
				4AB19B241B3B6C7900B3E973 /* FBSDKShareKit.framework in Frameworks */,
				4AB19B141B3B538100B3E973 /* ParseCrashReporting.framework in Frameworks */,
				4AD91CC41B2B30DE00A9FB23 /* MobileCoreServices.framework in Frameworks */,
				4AB19B131B3B538100B3E973 /* Parse.framework in Frameworks */,
				4AB19B211B3B6C7900B3E973 /* FBSDKCoreKit.framework in Frameworks */,
				4AB19B151B3B538100B3E973 /* ParseFacebookUtils.framework in Frameworks */,
				4AB19B171B3B538100B3E973 /* ParseUI.framework in Frameworks */,
				4AD91CC21B2B30D700A9FB23 /* QuartzCore.framework in Frameworks */,
				4AB19B231B3B6C7900B3E973 /* FBSDKMessengerShareKit.framework in Frameworks */,
				4AB19B161B3B538100B3E973 /* ParseFacebookUtilsV4.framework in Frameworks */,
				4AD91CC01B2B30C900A9FB23 /* Security.framework in Frameworks */,
				4AD91CBE1B2B30C100A9FB23 /* StoreKit.framework in Frameworks */,
				4AD91CBC1B2B30BB00A9FB23 /* SystemConfiguration.framework in Frameworks */,
				4AB19B201B3B6C7900B3E973 /* FBAudienceNetwork.framework in Frameworks */,
				4AB19B281B3B714800B3E973 /* Bolts.framework in Frameworks */,
				4AD91CBA1B2B30AB00A9FB23 /* libz.dylib in Frameworks */,
				4AD91CB81B2B309F00A9FB23 /* libsqlite3.dylib in Frameworks */,
			);
			runOnlyForDeploymentPostprocessing = 0;
		};
		C437805F1B2933080018BD41 /* Frameworks */ = {
			isa = PBXFrameworksBuildPhase;
			buildActionMask = 2147483647;
			files = (
			);
			runOnlyForDeploymentPostprocessing = 0;
		};
/* End PBXFrameworksBuildPhase section */

/* Begin PBXGroup section */
		4A18480D1B4467D4009D6026 /* Newsfeed View */ = {
			isa = PBXGroup;
			children = (
				4A18480F1B446CEF009D6026 /* old_NewsfeedTableViewController.swift */,
				4A1848111B446D36009D6026 /* old_UpdateTableViewCell.swift */,
				4ACBA7591B65346C00F25D74 /* Testing_NewsfeedHeaderTableViewCell.swift */,
				4ACBA75D1B6534FE00F25D74 /* Testing_NewsfeedTableViewController.swift */,
				4ACBA75B1B6534A000F25D74 /* Testing_NewsfeedUpdateTableViewCell.swift */,
				4ACBA75F1B66785900F25D74 /* NewsfeedViewController.swift */,
				4A1848141B44A375009D6026 /* CommentViewController.swift */,
			);
			name = "Newsfeed View";
			sourceTree = "<group>";
		};
		4A18480E1B4469B5009D6026 /* Company Profile View */ = {
			isa = PBXGroup;
			children = (
			);
			name = "Company Profile View";
			sourceTree = "<group>";
		};
		4A6A60B51B6BD71E00C3F142 /* Archived */ = {
			isa = PBXGroup;
			children = (
				4A1848181B473A44009D6026 /* UpdateFooterTableViewCell.swift */,
				4AD91CD41B2B5C0400A9FB23 /* RecipientListTableViewCell.swift */,
				C43780541B2933080018BD41 /* RecipientListTableViewController.swift */,
			);
			name = Archived;
			sourceTree = "<group>";
		};
		4A7462821B3DBC9E00B8555C /* Spring */ = {
			isa = PBXGroup;
			children = (
				4A7462831B3DBC9E00B8555C /* AsyncButton.swift */,
				4A7462841B3DBC9E00B8555C /* AsyncImageView.swift */,
				4A7462851B3DBC9E00B8555C /* AutoTextView.swift */,
				4A7462861B3DBC9E00B8555C /* BlurView.swift */,
				4A7462871B3DBC9E00B8555C /* DesignableButton.swift */,
				4A7462881B3DBC9E00B8555C /* DesignableImageView.swift */,
				4A7462891B3DBC9E00B8555C /* DesignableLabel.swift */,
				4A74628A1B3DBC9E00B8555C /* DesignableTabBarController.swift */,
				4A74628B1B3DBC9E00B8555C /* DesignableTextField.swift */,
				4A74628C1B3DBC9E00B8555C /* DesignableTextView.swift */,
				4A74628D1B3DBC9E00B8555C /* DesignableView.swift */,
				4A74628E1B3DBC9E00B8555C /* ImageLoader.swift */,
				4A74628F1B3DBC9E00B8555C /* Info.plist */,
				4A7462901B3DBC9E00B8555C /* KeyboardLayoutConstraint.swift */,
				4A7462911B3DBC9E00B8555C /* LoadingView.swift */,
				4A7462921B3DBC9E00B8555C /* LoadingView.xib */,
				4A7462931B3DBC9E00B8555C /* Misc.swift */,
				4A7462941B3DBC9E00B8555C /* SoundPlayer.swift */,
				4A7462951B3DBC9E00B8555C /* Spring.h */,
				4A7462961B3DBC9E00B8555C /* Spring.swift */,
				4A7462971B3DBC9E00B8555C /* SpringAnimation.swift */,
				4A7462981B3DBC9E00B8555C /* SpringButton.swift */,
				4A7462991B3DBC9E00B8555C /* SpringImageView.swift */,
				4A74629A1B3DBC9E00B8555C /* SpringLabel.swift */,
				4A74629B1B3DBC9E00B8555C /* SpringTextField.swift */,
				4A74629C1B3DBC9E00B8555C /* SpringTextView.swift */,
				4A74629D1B3DBC9E00B8555C /* SpringView.swift */,
				4A74629E1B3DBC9E00B8555C /* TransitionManager.swift */,
				4A74629F1B3DBC9E00B8555C /* TransitionZoom.swift */,
				4A7462A01B3DBC9E00B8555C /* UnwindSegue.swift */,
			);
			name = Spring;
			path = GiveDirectly/Spring;
			sourceTree = "<group>";
		};
		4A7462BE1B3F095D00B8555C /* TPKeyboardAvoiding */ = {
			isa = PBXGroup;
			children = (
				4A7462BF1B3F095D00B8555C /* TPKeyboardAvoidingCollectionView.h */,
				4A7462C01B3F095D00B8555C /* TPKeyboardAvoidingCollectionView.m */,
				4A7462C11B3F095D00B8555C /* TPKeyboardAvoidingScrollView.h */,
				4A7462C21B3F095D00B8555C /* TPKeyboardAvoidingScrollView.m */,
				4A7462C31B3F095D00B8555C /* TPKeyboardAvoidingTableView.h */,
				4A7462C41B3F095D00B8555C /* TPKeyboardAvoidingTableView.m */,
				4A7462C51B3F095D00B8555C /* UIScrollView+TPKeyboardAvoidingAdditions.h */,
				4A7462C61B3F095D00B8555C /* UIScrollView+TPKeyboardAvoidingAdditions.m */,
			);
			path = TPKeyboardAvoiding;
			sourceTree = "<group>";
		};
		4AD91CC91B2B310E00A9FB23 /* Frameworks */ = {
			isa = PBXGroup;
			children = (
				4A7462BE1B3F095D00B8555C /* TPKeyboardAvoiding */,
				4A7462821B3DBC9E00B8555C /* Spring */,
				4AB19B271B3B714800B3E973 /* Bolts.framework */,
				4AB19B1B1B3B6C7900B3E973 /* FBAudienceNetwork.framework */,
				4AB19B1C1B3B6C7900B3E973 /* FBSDKCoreKit.framework */,
				4AB19B1D1B3B6C7900B3E973 /* FBSDKLoginKit.framework */,
				4AB19B1E1B3B6C7900B3E973 /* FBSDKMessengerShareKit.framework */,
				4AB19B1F1B3B6C7900B3E973 /* FBSDKShareKit.framework */,
				4AB19B0D1B3B538100B3E973 /* Parse.framework */,
				4AB19B0E1B3B538100B3E973 /* ParseCrashReporting.framework */,
				4AB19B0F1B3B538100B3E973 /* ParseFacebookUtils.framework */,
				4AB19B101B3B538100B3E973 /* ParseFacebookUtilsV4.framework */,
				4AB19B111B3B538100B3E973 /* ParseUI.framework */,
				4AD91CB31B2B306F00A9FB23 /* AudioToolbox.framework */,
				4AD91CB51B2B307A00A9FB23 /* CFNetwork.framework */,
				4AD91CC71B2B30EB00A9FB23 /* CoreGraphics.framework */,
				4AD91CC51B2B30E500A9FB23 /* CoreLocation.framework */,
				4AD91CC31B2B30DE00A9FB23 /* MobileCoreServices.framework */,
				4AD91CC11B2B30D700A9FB23 /* QuartzCore.framework */,
				4AD91CBF1B2B30C900A9FB23 /* Security.framework */,
				4AD91CBD1B2B30C100A9FB23 /* StoreKit.framework */,
				4AD91CBB1B2B30BB00A9FB23 /* SystemConfiguration.framework */,
				4AD91CB91B2B30AB00A9FB23 /* libz.dylib */,
				4AD91CB71B2B309F00A9FB23 /* libsqlite3.dylib */,
			);
			name = Frameworks;
			sourceTree = "<group>";
		};
		4AF9507D1B306672004313DC /* User Profile View */ = {
			isa = PBXGroup;
			children = (
				4AB36AE11B67DB1400ABCE23 /* UserAccountTableViewController.swift */,
				4AB36AE31B67DFFF00ABCE23 /* UserAccountProfileTableViewCell.swift */,
				4AB36AE91B683B7F00ABCE23 /* UserAccountFollowingTableViewCell.swift */,
				4AB36AE51B67E02000ABCE23 /* FriendActivityTableViewCell.swift */,
				4AB36AE71B680A4700ABCE23 /* UserAccountStatsTableViewCell.swift */,
			);
			name = "User Profile View";
			sourceTree = "<group>";
		};
		4AF9507E1B30668E004313DC /* Recipients View */ = {
			isa = PBXGroup;
			children = (
				4A4D11AD1B38EB4500E5EEDB /* BrowseRecipientCollectionViewController.swift */,
				4AF950821B306BE5004313DC /* ProfileSummaryTableViewCell.swift */,
				4A4D11AF1B38EBCC00E5EEDB /* BrowseRecipientCollectionViewCell.swift */,
				4AF9507B1B306646004313DC /* ProfileTableViewController.swift */,
				4AF950801B306BCA004313DC /* RecipientUpdatesTableViewCell.swift */,
			);
			name = "Recipients View";
			sourceTree = "<group>";
		};
		4AF9507F1B3066DE004313DC /* testing */ = {
			isa = PBXGroup;
			children = (
				4A6A60B21B6AB97A00C3F142 /* UpdateTableViewCell.swift */,
				4A6A60B01B6AB81A00C3F142 /* NewsfeedTableViewController.swift */,
			);
			name = testing;
			sourceTree = "<group>";
		};
		C43780441B2933080018BD41 = {
			isa = PBXGroup;
			children = (
				4AD91CC91B2B310E00A9FB23 /* Frameworks */,
				C437804F1B2933080018BD41 /* GiveDirectly */,
				C43780651B2933080018BD41 /* GiveDirectlyTests */,
				C437804E1B2933080018BD41 /* Products */,
			);
			sourceTree = "<group>";
		};
		C437804E1B2933080018BD41 /* Products */ = {
			isa = PBXGroup;
			children = (
				C437804D1B2933080018BD41 /* GiveDirectly.app */,
				C43780621B2933080018BD41 /* GiveDirectlyTests.xctest */,
			);
			name = Products;
			sourceTree = "<group>";
		};
		C437804F1B2933080018BD41 /* GiveDirectly */ = {
			isa = PBXGroup;
			children = (
				4A6A60B51B6BD71E00C3F142 /* Archived */,
				4A18480D1B4467D4009D6026 /* Newsfeed View */,
				4AF9507E1B30668E004313DC /* Recipients View */,
				4AF9507D1B306672004313DC /* User Profile View */,
				4A18480E1B4469B5009D6026 /* Company Profile View */,
				4AF9507F1B3066DE004313DC /* testing */,
				4A1848161B472952009D6026 /* SharingViewController.swift */,
				4A5A6EDC1B56F134003A1D0F /* RecipientBrowseViewController.swift */,
				C43780521B2933080018BD41 /* AppDelegate.swift */,
				4A5A6EE01B57F804003A1D0F /* PortfolioViewController.swift */,
				4A5A6EE51B5D7726003A1D0F /* MenuViewController.swift */,
				4A5A6EEA1B5E8B52003A1D0F /* PortfolioTableViewController.swift */,
				4A5A6EDE1B570CEA003A1D0F /* RecipientBrowseCollectionViewCell.swift */,
				4A5A6EE31B580DEB003A1D0F /* DonateesTableViewCell.swift */,
				4A5A6EEC1B5E8CDF003A1D0F /* LatestActivityTableViewCell.swift */,
				C43780561B2933080018BD41 /* Main.storyboard */,
				4ACBA7571B641DDF00F25D74 /* StaticMenuTableViewController.swift */,
				C43780591B2933080018BD41 /* Images.xcassets */,
				C437805B1B2933080018BD41 /* LaunchScreen.xib */,
				4AB19B181B3B6A5600B3E973 /* GiveDirectly-Bridging-Header.h */,
				C43780501B2933080018BD41 /* Supporting Files */,
			);
			path = GiveDirectly;
			sourceTree = "<group>";
		};
		C43780501B2933080018BD41 /* Supporting Files */ = {
			isa = PBXGroup;
			children = (
				C43780511B2933080018BD41 /* Info.plist */,
			);
			name = "Supporting Files";
			sourceTree = "<group>";
		};
		C43780651B2933080018BD41 /* GiveDirectlyTests */ = {
			isa = PBXGroup;
			children = (
				C43780681B2933080018BD41 /* GiveDirectlyTests.swift */,
				C43780661B2933080018BD41 /* Supporting Files */,
			);
			path = GiveDirectlyTests;
			sourceTree = "<group>";
		};
		C43780661B2933080018BD41 /* Supporting Files */ = {
			isa = PBXGroup;
			children = (
				C43780671B2933080018BD41 /* Info.plist */,
			);
			name = "Supporting Files";
			sourceTree = "<group>";
		};
/* End PBXGroup section */

/* Begin PBXNativeTarget section */
		C437804C1B2933080018BD41 /* GiveDirectly */ = {
			isa = PBXNativeTarget;
			buildConfigurationList = C437806C1B2933080018BD41 /* Build configuration list for PBXNativeTarget "GiveDirectly" */;
			buildPhases = (
				C43780491B2933080018BD41 /* Sources */,
				C437804A1B2933080018BD41 /* Frameworks */,
				C437804B1B2933080018BD41 /* Resources */,
			);
			buildRules = (
			);
			dependencies = (
			);
			name = GiveDirectly;
			productName = GiveDirectly;
			productReference = C437804D1B2933080018BD41 /* GiveDirectly.app */;
			productType = "com.apple.product-type.application";
		};
		C43780611B2933080018BD41 /* GiveDirectlyTests */ = {
			isa = PBXNativeTarget;
			buildConfigurationList = C437806F1B2933080018BD41 /* Build configuration list for PBXNativeTarget "GiveDirectlyTests" */;
			buildPhases = (
				C437805E1B2933080018BD41 /* Sources */,
				C437805F1B2933080018BD41 /* Frameworks */,
				C43780601B2933080018BD41 /* Resources */,
			);
			buildRules = (
			);
			dependencies = (
				C43780641B2933080018BD41 /* PBXTargetDependency */,
			);
			name = GiveDirectlyTests;
			productName = GiveDirectlyTests;
			productReference = C43780621B2933080018BD41 /* GiveDirectlyTests.xctest */;
			productType = "com.apple.product-type.bundle.unit-test";
		};
/* End PBXNativeTarget section */

/* Begin PBXProject section */
		C43780451B2933080018BD41 /* Project object */ = {
			isa = PBXProject;
			attributes = {
				LastUpgradeCheck = 0630;
				ORGANIZATIONNAME = GiveDirectly;
				TargetAttributes = {
					C437804C1B2933080018BD41 = {
						CreatedOnToolsVersion = 6.3.2;
					};
					C43780611B2933080018BD41 = {
						CreatedOnToolsVersion = 6.3.2;
						TestTargetID = C437804C1B2933080018BD41;
					};
				};
			};
			buildConfigurationList = C43780481B2933080018BD41 /* Build configuration list for PBXProject "GiveDirectly" */;
			compatibilityVersion = "Xcode 3.2";
			developmentRegion = English;
			hasScannedForEncodings = 0;
			knownRegions = (
				en,
				Base,
			);
			mainGroup = C43780441B2933080018BD41;
			productRefGroup = C437804E1B2933080018BD41 /* Products */;
			projectDirPath = "";
			projectRoot = "";
			targets = (
				C437804C1B2933080018BD41 /* GiveDirectly */,
				C43780611B2933080018BD41 /* GiveDirectlyTests */,
			);
		};
/* End PBXProject section */

/* Begin PBXResourcesBuildPhase section */
		C437804B1B2933080018BD41 /* Resources */ = {
			isa = PBXResourcesBuildPhase;
			buildActionMask = 2147483647;
			files = (
				4A7462AD1B3DBC9E00B8555C /* Info.plist in Resources */,
				C43780581B2933080018BD41 /* Main.storyboard in Resources */,
				C437805D1B2933080018BD41 /* LaunchScreen.xib in Resources */,
				C437805A1B2933080018BD41 /* Images.xcassets in Resources */,
				4A7462B01B3DBC9E00B8555C /* LoadingView.xib in Resources */,
			);
			runOnlyForDeploymentPostprocessing = 0;
		};
		C43780601B2933080018BD41 /* Resources */ = {
			isa = PBXResourcesBuildPhase;
			buildActionMask = 2147483647;
			files = (
			);
			runOnlyForDeploymentPostprocessing = 0;
		};
/* End PBXResourcesBuildPhase section */

/* Begin PBXSourcesBuildPhase section */
		C43780491B2933080018BD41 /* Sources */ = {
			isa = PBXSourcesBuildPhase;
			buildActionMask = 2147483647;
			files = (
				4ACBA75A1B65346C00F25D74 /* Testing_NewsfeedHeaderTableViewCell.swift in Sources */,
				4A7462B51B3DBC9E00B8555C /* SpringButton.swift in Sources */,
				4A7462B21B3DBC9E00B8555C /* SoundPlayer.swift in Sources */,
				4A7462B91B3DBC9E00B8555C /* SpringTextView.swift in Sources */,
				4A5A6EE61B5D7726003A1D0F /* MenuViewController.swift in Sources */,
				C43780551B2933080018BD41 /* RecipientListTableViewController.swift in Sources */,
				4A7462A91B3DBC9E00B8555C /* DesignableTextField.swift in Sources */,
				4A7462AA1B3DBC9E00B8555C /* DesignableTextView.swift in Sources */,
				4AB36AE61B67E02000ABCE23 /* FriendActivityTableViewCell.swift in Sources */,
				4AB36AE41B67DFFF00ABCE23 /* UserAccountProfileTableViewCell.swift in Sources */,
				4A7462BC1B3DBC9E00B8555C /* TransitionZoom.swift in Sources */,
				4A7462B81B3DBC9E00B8555C /* SpringTextField.swift in Sources */,
				4A7462A61B3DBC9E00B8555C /* DesignableImageView.swift in Sources */,
				4AF950811B306BCA004313DC /* RecipientUpdatesTableViewCell.swift in Sources */,
				4A5A6EED1B5E8CDF003A1D0F /* LatestActivityTableViewCell.swift in Sources */,
				4A1848121B446D36009D6026 /* old_UpdateTableViewCell.swift in Sources */,
				4A1848191B473A44009D6026 /* UpdateFooterTableViewCell.swift in Sources */,
				4AB36AE21B67DB1400ABCE23 /* UserAccountTableViewController.swift in Sources */,
				4A5A6EE41B580DEB003A1D0F /* DonateesTableViewCell.swift in Sources */,
				4A7462C71B3F095D00B8555C /* TPKeyboardAvoidingCollectionView.m in Sources */,
				4A7462C81B3F095D00B8555C /* TPKeyboardAvoidingScrollView.m in Sources */,
				4AF950831B306BE5004313DC /* ProfileSummaryTableViewCell.swift in Sources */,
				4A1848151B44A375009D6026 /* CommentViewController.swift in Sources */,
				C43780531B2933080018BD41 /* AppDelegate.swift in Sources */,
				4A7462AB1B3DBC9E00B8555C /* DesignableView.swift in Sources */,
				4A5A6EEB1B5E8B52003A1D0F /* PortfolioTableViewController.swift in Sources */,
				4A6A60B31B6AB97A00C3F142 /* UpdateTableViewCell.swift in Sources */,
				4A7462B11B3DBC9E00B8555C /* Misc.swift in Sources */,
				4A7462CA1B3F095D00B8555C /* UIScrollView+TPKeyboardAvoidingAdditions.m in Sources */,
				4A5A6EDD1B56F134003A1D0F /* RecipientBrowseViewController.swift in Sources */,
				4ACBA7601B66785900F25D74 /* NewsfeedViewController.swift in Sources */,
				4A7462A21B3DBC9E00B8555C /* AsyncImageView.swift in Sources */,
				4A7462A81B3DBC9E00B8555C /* DesignableTabBarController.swift in Sources */,
				4AB36AE81B680A4700ABCE23 /* UserAccountStatsTableViewCell.swift in Sources */,
				4ACBA75C1B6534A000F25D74 /* Testing_NewsfeedUpdateTableViewCell.swift in Sources */,
				4ACBA7581B641DDF00F25D74 /* StaticMenuTableViewController.swift in Sources */,
				4A7462A31B3DBC9E00B8555C /* AutoTextView.swift in Sources */,
				4A1848101B446CEF009D6026 /* old_NewsfeedTableViewController.swift in Sources */,
				4A7462BD1B3DBC9E00B8555C /* UnwindSegue.swift in Sources */,
				4ACBA75E1B6534FE00F25D74 /* Testing_NewsfeedTableViewController.swift in Sources */,
				4A5A6EDF1B570CEA003A1D0F /* RecipientBrowseCollectionViewCell.swift in Sources */,
				4A7462BA1B3DBC9E00B8555C /* SpringView.swift in Sources */,
				4A7462B71B3DBC9E00B8555C /* SpringLabel.swift in Sources */,
				4AD91CD51B2B5C0400A9FB23 /* RecipientListTableViewCell.swift in Sources */,
				4A7462AE1B3DBC9E00B8555C /* KeyboardLayoutConstraint.swift in Sources */,
				4A7462A11B3DBC9E00B8555C /* AsyncButton.swift in Sources */,
				4A7462AC1B3DBC9E00B8555C /* ImageLoader.swift in Sources */,
				4A5A6EE11B57F804003A1D0F /* PortfolioViewController.swift in Sources */,
				4A7462B31B3DBC9E00B8555C /* Spring.swift in Sources */,
				4A7462BB1B3DBC9E00B8555C /* TransitionManager.swift in Sources */,
				4A7462A51B3DBC9E00B8555C /* DesignableButton.swift in Sources */,
				4A7462A41B3DBC9E00B8555C /* BlurView.swift in Sources */,
				4AF9507C1B306646004313DC /* ProfileTableViewController.swift in Sources */,
				4AB36AEA1B683B7F00ABCE23 /* UserAccountFollowingTableViewCell.swift in Sources */,
				4A7462C91B3F095D00B8555C /* TPKeyboardAvoidingTableView.m in Sources */,
				4A4D11B01B38EBCC00E5EEDB /* BrowseRecipientCollectionViewCell.swift in Sources */,
				4A7462A71B3DBC9E00B8555C /* DesignableLabel.swift in Sources */,
				4A7462B41B3DBC9E00B8555C /* SpringAnimation.swift in Sources */,
				4A6A60B11B6AB81A00C3F142 /* NewsfeedTableViewController.swift in Sources */,
				4A1848171B472952009D6026 /* SharingViewController.swift in Sources */,
				4A4D11AE1B38EB4500E5EEDB /* BrowseRecipientCollectionViewController.swift in Sources */,
				4A7462AF1B3DBC9E00B8555C /* LoadingView.swift in Sources */,
				4A7462B61B3DBC9E00B8555C /* SpringImageView.swift in Sources */,
			);
			runOnlyForDeploymentPostprocessing = 0;
		};
		C437805E1B2933080018BD41 /* Sources */ = {
			isa = PBXSourcesBuildPhase;
			buildActionMask = 2147483647;
			files = (
				C43780691B2933080018BD41 /* GiveDirectlyTests.swift in Sources */,
			);
			runOnlyForDeploymentPostprocessing = 0;
		};
/* End PBXSourcesBuildPhase section */

/* Begin PBXTargetDependency section */
		C43780641B2933080018BD41 /* PBXTargetDependency */ = {
			isa = PBXTargetDependency;
			target = C437804C1B2933080018BD41 /* GiveDirectly */;
			targetProxy = C43780631B2933080018BD41 /* PBXContainerItemProxy */;
		};
/* End PBXTargetDependency section */

/* Begin PBXVariantGroup section */
		C43780561B2933080018BD41 /* Main.storyboard */ = {
			isa = PBXVariantGroup;
			children = (
				C43780571B2933080018BD41 /* Base */,
			);
			name = Main.storyboard;
			sourceTree = "<group>";
		};
		C437805B1B2933080018BD41 /* LaunchScreen.xib */ = {
			isa = PBXVariantGroup;
			children = (
				C437805C1B2933080018BD41 /* Base */,
			);
			name = LaunchScreen.xib;
			sourceTree = "<group>";
		};
/* End PBXVariantGroup section */

/* Begin XCBuildConfiguration section */
		C437806A1B2933080018BD41 /* Debug */ = {
			isa = XCBuildConfiguration;
			buildSettings = {
				ALWAYS_SEARCH_USER_PATHS = NO;
				CLANG_CXX_LANGUAGE_STANDARD = "gnu++0x";
				CLANG_CXX_LIBRARY = "libc++";
				CLANG_ENABLE_MODULES = YES;
				CLANG_ENABLE_OBJC_ARC = YES;
				CLANG_WARN_BOOL_CONVERSION = YES;
				CLANG_WARN_CONSTANT_CONVERSION = YES;
				CLANG_WARN_DIRECT_OBJC_ISA_USAGE = YES_ERROR;
				CLANG_WARN_EMPTY_BODY = YES;
				CLANG_WARN_ENUM_CONVERSION = YES;
				CLANG_WARN_INT_CONVERSION = YES;
				CLANG_WARN_OBJC_ROOT_CLASS = YES_ERROR;
				CLANG_WARN_UNREACHABLE_CODE = YES;
				CLANG_WARN__DUPLICATE_METHOD_MATCH = YES;
				"CODE_SIGN_IDENTITY[sdk=iphoneos*]" = "iPhone Developer";
				COPY_PHASE_STRIP = NO;
				DEBUG_INFORMATION_FORMAT = "dwarf-with-dsym";
				ENABLE_STRICT_OBJC_MSGSEND = YES;
				GCC_C_LANGUAGE_STANDARD = gnu99;
				GCC_DYNAMIC_NO_PIC = NO;
				GCC_NO_COMMON_BLOCKS = YES;
				GCC_OPTIMIZATION_LEVEL = 0;
				GCC_PREPROCESSOR_DEFINITIONS = (
					"DEBUG=1",
					"$(inherited)",
				);
				GCC_SYMBOLS_PRIVATE_EXTERN = NO;
				GCC_WARN_64_TO_32_BIT_CONVERSION = YES;
				GCC_WARN_ABOUT_RETURN_TYPE = YES_ERROR;
				GCC_WARN_UNDECLARED_SELECTOR = YES;
				GCC_WARN_UNINITIALIZED_AUTOS = YES_AGGRESSIVE;
				GCC_WARN_UNUSED_FUNCTION = YES;
				GCC_WARN_UNUSED_VARIABLE = YES;
				IPHONEOS_DEPLOYMENT_TARGET = 8.3;
				MTL_ENABLE_DEBUG_INFO = YES;
				ONLY_ACTIVE_ARCH = YES;
				SDKROOT = iphoneos;
				SWIFT_OPTIMIZATION_LEVEL = "-Onone";
			};
			name = Debug;
		};
		C437806B1B2933080018BD41 /* Release */ = {
			isa = XCBuildConfiguration;
			buildSettings = {
				ALWAYS_SEARCH_USER_PATHS = NO;
				CLANG_CXX_LANGUAGE_STANDARD = "gnu++0x";
				CLANG_CXX_LIBRARY = "libc++";
				CLANG_ENABLE_MODULES = YES;
				CLANG_ENABLE_OBJC_ARC = YES;
				CLANG_WARN_BOOL_CONVERSION = YES;
				CLANG_WARN_CONSTANT_CONVERSION = YES;
				CLANG_WARN_DIRECT_OBJC_ISA_USAGE = YES_ERROR;
				CLANG_WARN_EMPTY_BODY = YES;
				CLANG_WARN_ENUM_CONVERSION = YES;
				CLANG_WARN_INT_CONVERSION = YES;
				CLANG_WARN_OBJC_ROOT_CLASS = YES_ERROR;
				CLANG_WARN_UNREACHABLE_CODE = YES;
				CLANG_WARN__DUPLICATE_METHOD_MATCH = YES;
				"CODE_SIGN_IDENTITY[sdk=iphoneos*]" = "iPhone Developer";
				COPY_PHASE_STRIP = NO;
				DEBUG_INFORMATION_FORMAT = "dwarf-with-dsym";
				ENABLE_NS_ASSERTIONS = NO;
				ENABLE_STRICT_OBJC_MSGSEND = YES;
				GCC_C_LANGUAGE_STANDARD = gnu99;
				GCC_NO_COMMON_BLOCKS = YES;
				GCC_WARN_64_TO_32_BIT_CONVERSION = YES;
				GCC_WARN_ABOUT_RETURN_TYPE = YES_ERROR;
				GCC_WARN_UNDECLARED_SELECTOR = YES;
				GCC_WARN_UNINITIALIZED_AUTOS = YES_AGGRESSIVE;
				GCC_WARN_UNUSED_FUNCTION = YES;
				GCC_WARN_UNUSED_VARIABLE = YES;
				IPHONEOS_DEPLOYMENT_TARGET = 8.3;
				MTL_ENABLE_DEBUG_INFO = NO;
				SDKROOT = iphoneos;
				VALIDATE_PRODUCT = YES;
			};
			name = Release;
		};
		C437806D1B2933080018BD41 /* Debug */ = {
			isa = XCBuildConfiguration;
			buildSettings = {
				ASSETCATALOG_COMPILER_APPICON_NAME = AppIcon;
				CLANG_ENABLE_MODULES = YES;
				FRAMEWORK_SEARCH_PATHS = (
					"$(inherited)",
					"$(PROJECT_DIR)",
				);
				INFOPLIST_FILE = GiveDirectly/Info.plist;
				LD_RUNPATH_SEARCH_PATHS = "$(inherited) @executable_path/Frameworks";
				PRODUCT_NAME = "$(TARGET_NAME)";
				SWIFT_OBJC_BRIDGING_HEADER = "GiveDirectly/GiveDirectly-Bridging-Header.h";
				SWIFT_OPTIMIZATION_LEVEL = "-Onone";
			};
			name = Debug;
		};
		C437806E1B2933080018BD41 /* Release */ = {
			isa = XCBuildConfiguration;
			buildSettings = {
				ASSETCATALOG_COMPILER_APPICON_NAME = AppIcon;
				CLANG_ENABLE_MODULES = YES;
				FRAMEWORK_SEARCH_PATHS = (
					"$(inherited)",
					"$(PROJECT_DIR)",
				);
				INFOPLIST_FILE = GiveDirectly/Info.plist;
				LD_RUNPATH_SEARCH_PATHS = "$(inherited) @executable_path/Frameworks";
				PRODUCT_NAME = "$(TARGET_NAME)";
				SWIFT_OBJC_BRIDGING_HEADER = "GiveDirectly/GiveDirectly-Bridging-Header.h";
			};
			name = Release;
		};
		C43780701B2933080018BD41 /* Debug */ = {
			isa = XCBuildConfiguration;
			buildSettings = {
				BUNDLE_LOADER = "$(TEST_HOST)";
				FRAMEWORK_SEARCH_PATHS = (
					"$(SDKROOT)/Developer/Library/Frameworks",
					"$(inherited)",
				);
				GCC_PREPROCESSOR_DEFINITIONS = (
					"DEBUG=1",
					"$(inherited)",
				);
				INFOPLIST_FILE = GiveDirectlyTests/Info.plist;
				LD_RUNPATH_SEARCH_PATHS = "$(inherited) @executable_path/Frameworks @loader_path/Frameworks";
				PRODUCT_NAME = "$(TARGET_NAME)";
				TEST_HOST = "$(BUILT_PRODUCTS_DIR)/GiveDirectly.app/GiveDirectly";
			};
			name = Debug;
		};
		C43780711B2933080018BD41 /* Release */ = {
			isa = XCBuildConfiguration;
			buildSettings = {
				BUNDLE_LOADER = "$(TEST_HOST)";
				FRAMEWORK_SEARCH_PATHS = (
					"$(SDKROOT)/Developer/Library/Frameworks",
					"$(inherited)",
				);
				INFOPLIST_FILE = GiveDirectlyTests/Info.plist;
				LD_RUNPATH_SEARCH_PATHS = "$(inherited) @executable_path/Frameworks @loader_path/Frameworks";
				PRODUCT_NAME = "$(TARGET_NAME)";
				TEST_HOST = "$(BUILT_PRODUCTS_DIR)/GiveDirectly.app/GiveDirectly";
			};
			name = Release;
		};
/* End XCBuildConfiguration section */

/* Begin XCConfigurationList section */
		C43780481B2933080018BD41 /* Build configuration list for PBXProject "GiveDirectly" */ = {
			isa = XCConfigurationList;
			buildConfigurations = (
				C437806A1B2933080018BD41 /* Debug */,
				C437806B1B2933080018BD41 /* Release */,
			);
			defaultConfigurationIsVisible = 0;
			defaultConfigurationName = Release;
		};
		C437806C1B2933080018BD41 /* Build configuration list for PBXNativeTarget "GiveDirectly" */ = {
			isa = XCConfigurationList;
			buildConfigurations = (
				C437806D1B2933080018BD41 /* Debug */,
				C437806E1B2933080018BD41 /* Release */,
			);
			defaultConfigurationIsVisible = 0;
			defaultConfigurationName = Release;
		};
		C437806F1B2933080018BD41 /* Build configuration list for PBXNativeTarget "GiveDirectlyTests" */ = {
			isa = XCConfigurationList;
			buildConfigurations = (
				C43780701B2933080018BD41 /* Debug */,
				C43780711B2933080018BD41 /* Release */,
			);
			defaultConfigurationIsVisible = 0;
			defaultConfigurationName = Release;
		};
/* End XCConfigurationList section */
	};
	rootObject = C43780451B2933080018BD41 /* Project object */;
}
